PODS:
  - EigenCPPCocoa (3.4.0)
  - PoissonRecon (9.011)
  - scsdk (1.0.0):
    - EigenCPPCocoa (~> 3.4.0)
  - SSZipArchive (2.4.3)

DEPENDENCIES:
  - PoissonRecon (from `StandardCyborgFusion/PoissonRecon.podspec`)
  - scsdk (from `scsdk/`)
  - SSZipArchive

SPEC REPOS:
  https://github.com/CocoaPods/Specs.git:
    - EigenCPPCocoa
    - SSZipArchive

EXTERNAL SOURCES:
  PoissonRecon:
    :podspec: StandardCyborgFusion/PoissonRecon.podspec
  scsdk:
    :path: scsdk/

CHECKOUT OPTIONS:
  PoissonRecon:
    :commit: 9f30316c1b247736654652c72e06b3f0db2e79ed
    :git: https://github.com/StandardCyborg/PoissonRecon.git

SPEC CHECKSUMS:
  EigenCPPCocoa: 4b79c92db8d6e634c34e28e3cf5e97ba1ab100b5
  PoissonRecon: 5406f560a2e1dc1a82d18c1f600de1d89e04645f
  scsdk: c735c36f12010552ccb31011e87259f3dd7c0860
  SSZipArchive: fe6a26b2a54d5a0890f2567b5cc6de5caa600aef

PODFILE CHECKSUM: c516da812ff854d8f78458a054594d9e8bb49386

COCOAPODS: 1.16.2
